
Microsoft Visual Studio Solution File, Format Version 12.00
# Visual Studio Version 17
VisualStudioVersion = 17.10.35013.160
MinimumVisualStudioVersion = 10.0.40219.1
Project("{9A19103F-16F7-4668-BE54-9A1E7A4F7556}") = "demo mvc", "demo mvc\demo mvc.csproj", "{015C86EC-8214-4B30-ABD3-0096306A087E}"
EndProject
Project("{FAE04EC0-301F-11D3-BF4B-00C04F79EFBC}") = "demo mvc 8", "demo mvc 8\demo mvc 8.csproj", "{DADD20DB-9ABF-4188-8908-4F2247FDB6A6}"
EndProject
Global
	GlobalSection(SolutionConfigurationPlatforms) = preSolution
		Debug|Any CPU = Debug|Any CPU
		Release|Any CPU = Release|Any CPU
	EndGlobalSection
	GlobalSection(ProjectConfigurationPlatforms) = postSolution
		{015C86EC-8214-4B30-ABD3-0096306A087E}.Debug|Any CPU.ActiveCfg = Debug|Any CPU
		{015C86EC-8214-4B30-ABD3-0096306A087E}.Debug|Any CPU.Build.0 = Debug|Any CPU
		{015C86EC-8214-4B30-ABD3-0096306A087E}.Release|Any CPU.ActiveCfg = Release|Any CPU
		{015C86EC-8214-4B30-ABD3-0096306A087E}.Release|Any CPU.Build.0 = Release|Any CPU
		{DADD20DB-9ABF-4188-8908-4F2247FDB6A6}.Debug|Any CPU.ActiveCfg = Debug|Any CPU
		{DADD20DB-9ABF-4188-8908-4F2247FDB6A6}.Debug|Any CPU.Build.0 = Debug|Any CPU
		{DADD20DB-9ABF-4188-8908-4F2247FDB6A6}.Release|Any CPU.ActiveCfg = Release|Any CPU
		{DADD20DB-9ABF-4188-8908-4F2247FDB6A6}.Release|Any CPU.Build.0 = Release|Any CPU
	EndGlobalSection
	GlobalSection(SolutionProperties) = preSolution
		HideSolutionNode = FALSE
	EndGlobalSection
	GlobalSection(ExtensibilityGlobals) = postSolution
		SolutionGuid = {88A1990A-140B-4182-B600-27AB513572B0}
	EndGlobalSection
EndGlobal
